// !$*UTF8*$!
{
	archiveVersion = 1;
	classes = {
	};
	objectVersion = 56;
	objects = {

/* Begin PBXBuildFile section */
		3A6A9DF52C92BE9200092CFC /* RMCharacterCollectionViewCell.swift in Sources */ = {isa = PBXBuildFile; fileRef = 3A6A9DF42C92BE9100092CFC /* RMCharacterCollectionViewCell.swift */; };
		3A6A9DF72C92C0DD00092CFC /* RMCharacterCollectionViewCellViewModel.swift in Sources */ = {isa = PBXBuildFile; fileRef = 3A6A9DF62C92C0DD00092CFC /* RMCharacterCollectionViewCellViewModel.swift */; };
		3A701B282C90A8F700535876 /* RMService.swift in Sources */ = {isa = PBXBuildFile; fileRef = 3A701B272C90A8F700535876 /* RMService.swift */; };
		3A701B2A2C90A91200535876 /* RMRequest.swift in Sources */ = {isa = PBXBuildFile; fileRef = 3A701B292C90A91200535876 /* RMRequest.swift */; };
		3A701B2C2C90AA4200535876 /* RMEndpoint.swift in Sources */ = {isa = PBXBuildFile; fileRef = 3A701B2B2C90AA4200535876 /* RMEndpoint.swift */; };
		3A701B2E2C90B95500535876 /* RMOrigin.swift in Sources */ = {isa = PBXBuildFile; fileRef = 3A701B2D2C90B95500535876 /* RMOrigin.swift */; };
		3A701B302C90BA2700535876 /* RMSingleLocation.swift in Sources */ = {isa = PBXBuildFile; fileRef = 3A701B2F2C90BA2700535876 /* RMSingleLocation.swift */; };
		3A701B362C90BB9D00535876 /* RMCharacterStatus.swift in Sources */ = {isa = PBXBuildFile; fileRef = 3A701B352C90BB9D00535876 /* RMCharacterStatus.swift */; };
		3A701B382C90BBD600535876 /* RMCharacterGender.swift in Sources */ = {isa = PBXBuildFile; fileRef = 3A701B372C90BBD600535876 /* RMCharacterGender.swift */; };
		3A701B3C2C918D7F00535876 /* RMGetAllCharactersResponse.swift in Sources */ = {isa = PBXBuildFile; fileRef = 3A701B3B2C918D7F00535876 /* RMGetAllCharactersResponse.swift */; };
		3A701B3E2C91B05300535876 /* RMCharacterListViewViewModel.swift in Sources */ = {isa = PBXBuildFile; fileRef = 3A701B3D2C91B05300535876 /* RMCharacterListViewViewModel.swift */; };
		3A701B402C91B12C00535876 /* RMCharacterListView.swift in Sources */ = {isa = PBXBuildFile; fileRef = 3A701B3F2C91B12C00535876 /* RMCharacterListView.swift */; };
		3A701B422C91BB0300535876 /* Extensions.swift in Sources */ = {isa = PBXBuildFile; fileRef = 3A701B412C91BB0300535876 /* Extensions.swift */; };
		3ABC9EF22C901CB700A63A3B /* AppDelegate.swift in Sources */ = {isa = PBXBuildFile; fileRef = 3ABC9EF12C901CB700A63A3B /* AppDelegate.swift */; };
		3ABC9EF42C901CB700A63A3B /* SceneDelegate.swift in Sources */ = {isa = PBXBuildFile; fileRef = 3ABC9EF32C901CB700A63A3B /* SceneDelegate.swift */; };
		3ABC9EF62C901CB700A63A3B /* RMTabBarController.swift in Sources */ = {isa = PBXBuildFile; fileRef = 3ABC9EF52C901CB700A63A3B /* RMTabBarController.swift */; };
		3ABC9EFB2C901CB800A63A3B /* Assets.xcassets in Resources */ = {isa = PBXBuildFile; fileRef = 3ABC9EFA2C901CB800A63A3B /* Assets.xcassets */; };
		3ABC9EFE2C901CB800A63A3B /* Base in Resources */ = {isa = PBXBuildFile; fileRef = 3ABC9EFD2C901CB800A63A3B /* Base */; };
		3ABC9F0D2C9029F000A63A3B /* RMLocation.swift in Sources */ = {isa = PBXBuildFile; fileRef = 3ABC9F0C2C9029F000A63A3B /* RMLocation.swift */; };
		3ABC9F0F2C902A0000A63A3B /* RMCharacter.swift in Sources */ = {isa = PBXBuildFile; fileRef = 3ABC9F0E2C902A0000A63A3B /* RMCharacter.swift */; };
		3ABC9F112C902A1900A63A3B /* RMEpisode.swift in Sources */ = {isa = PBXBuildFile; fileRef = 3ABC9F102C902A1900A63A3B /* RMEpisode.swift */; };
		3ABC9F142C902AF000A63A3B /* RMCharacterViewController.swift in Sources */ = {isa = PBXBuildFile; fileRef = 3ABC9F132C902AF000A63A3B /* RMCharacterViewController.swift */; };
		3ABC9F162C902B0800A63A3B /* RMLocationViewController.swift in Sources */ = {isa = PBXBuildFile; fileRef = 3ABC9F152C902B0800A63A3B /* RMLocationViewController.swift */; };
		3ABC9F182C902B1900A63A3B /* RMEpisodeViewController.swift in Sources */ = {isa = PBXBuildFile; fileRef = 3ABC9F172C902B1900A63A3B /* RMEpisodeViewController.swift */; };
		3ABC9F1A2C902B4800A63A3B /* RMSettingsViewController.swift in Sources */ = {isa = PBXBuildFile; fileRef = 3ABC9F192C902B4800A63A3B /* RMSettingsViewController.swift */; };
/* End PBXBuildFile section */

/* Begin PBXFileReference section */
		3A6A9DF42C92BE9100092CFC /* RMCharacterCollectionViewCell.swift */ = {isa = PBXFileReference; lastKnownFileType = sourcecode.swift; path = RMCharacterCollectionViewCell.swift; sourceTree = "<group>"; };
		3A6A9DF62C92C0DD00092CFC /* RMCharacterCollectionViewCellViewModel.swift */ = {isa = PBXFileReference; lastKnownFileType = sourcecode.swift; path = RMCharacterCollectionViewCellViewModel.swift; sourceTree = "<group>"; };
		3A701B272C90A8F700535876 /* RMService.swift */ = {isa = PBXFileReference; lastKnownFileType = sourcecode.swift; path = RMService.swift; sourceTree = "<group>"; };
		3A701B292C90A91200535876 /* RMRequest.swift */ = {isa = PBXFileReference; lastKnownFileType = sourcecode.swift; path = RMRequest.swift; sourceTree = "<group>"; };
		3A701B2B2C90AA4200535876 /* RMEndpoint.swift */ = {isa = PBXFileReference; lastKnownFileType = sourcecode.swift; path = RMEndpoint.swift; sourceTree = "<group>"; };
		3A701B2D2C90B95500535876 /* RMOrigin.swift */ = {isa = PBXFileReference; lastKnownFileType = sourcecode.swift; path = RMOrigin.swift; sourceTree = "<group>"; };
		3A701B2F2C90BA2700535876 /* RMSingleLocation.swift */ = {isa = PBXFileReference; lastKnownFileType = sourcecode.swift; path = RMSingleLocation.swift; sourceTree = "<group>"; };
		3A701B352C90BB9D00535876 /* RMCharacterStatus.swift */ = {isa = PBXFileReference; lastKnownFileType = sourcecode.swift; path = RMCharacterStatus.swift; sourceTree = "<group>"; };
		3A701B372C90BBD600535876 /* RMCharacterGender.swift */ = {isa = PBXFileReference; lastKnownFileType = sourcecode.swift; path = RMCharacterGender.swift; sourceTree = "<group>"; };
		3A701B3B2C918D7F00535876 /* RMGetAllCharactersResponse.swift */ = {isa = PBXFileReference; lastKnownFileType = sourcecode.swift; path = RMGetAllCharactersResponse.swift; sourceTree = "<group>"; };
		3A701B3D2C91B05300535876 /* RMCharacterListViewViewModel.swift */ = {isa = PBXFileReference; lastKnownFileType = sourcecode.swift; path = RMCharacterListViewViewModel.swift; sourceTree = "<group>"; };
		3A701B3F2C91B12C00535876 /* RMCharacterListView.swift */ = {isa = PBXFileReference; lastKnownFileType = sourcecode.swift; path = RMCharacterListView.swift; sourceTree = "<group>"; };
		3A701B412C91BB0300535876 /* Extensions.swift */ = {isa = PBXFileReference; lastKnownFileType = sourcecode.swift; path = Extensions.swift; sourceTree = "<group>"; };
		3ABC9EEE2C901CB700A63A3B /* RickAndMorty.app */ = {isa = PBXFileReference; explicitFileType = wrapper.application; includeInIndex = 0; path = RickAndMorty.app; sourceTree = BUILT_PRODUCTS_DIR; };
		3ABC9EF12C901CB700A63A3B /* AppDelegate.swift */ = {isa = PBXFileReference; lastKnownFileType = sourcecode.swift; path = AppDelegate.swift; sourceTree = "<group>"; };
		3ABC9EF32C901CB700A63A3B /* SceneDelegate.swift */ = {isa = PBXFileReference; lastKnownFileType = sourcecode.swift; path = SceneDelegate.swift; sourceTree = "<group>"; };
		3ABC9EF52C901CB700A63A3B /* RMTabBarController.swift */ = {isa = PBXFileReference; lastKnownFileType = sourcecode.swift; path = RMTabBarController.swift; sourceTree = "<group>"; };
		3ABC9EFA2C901CB800A63A3B /* Assets.xcassets */ = {isa = PBXFileReference; lastKnownFileType = folder.assetcatalog; path = Assets.xcassets; sourceTree = "<group>"; };
		3ABC9EFD2C901CB800A63A3B /* Base */ = {isa = PBXFileReference; lastKnownFileType = file.storyboard; name = Base; path = Base.lproj/LaunchScreen.storyboard; sourceTree = "<group>"; };
		3ABC9EFF2C901CB800A63A3B /* Info.plist */ = {isa = PBXFileReference; lastKnownFileType = text.plist.xml; path = Info.plist; sourceTree = "<group>"; };
		3ABC9F0C2C9029F000A63A3B /* RMLocation.swift */ = {isa = PBXFileReference; lastKnownFileType = sourcecode.swift; path = RMLocation.swift; sourceTree = "<group>"; };
		3ABC9F0E2C902A0000A63A3B /* RMCharacter.swift */ = {isa = PBXFileReference; lastKnownFileType = sourcecode.swift; path = RMCharacter.swift; sourceTree = "<group>"; };
		3ABC9F102C902A1900A63A3B /* RMEpisode.swift */ = {isa = PBXFileReference; lastKnownFileType = sourcecode.swift; path = RMEpisode.swift; sourceTree = "<group>"; };
		3ABC9F132C902AF000A63A3B /* RMCharacterViewController.swift */ = {isa = PBXFileReference; lastKnownFileType = sourcecode.swift; path = RMCharacterViewController.swift; sourceTree = "<group>"; };
		3ABC9F152C902B0800A63A3B /* RMLocationViewController.swift */ = {isa = PBXFileReference; lastKnownFileType = sourcecode.swift; path = RMLocationViewController.swift; sourceTree = "<group>"; };
		3ABC9F172C902B1900A63A3B /* RMEpisodeViewController.swift */ = {isa = PBXFileReference; lastKnownFileType = sourcecode.swift; path = RMEpisodeViewController.swift; sourceTree = "<group>"; };
		3ABC9F192C902B4800A63A3B /* RMSettingsViewController.swift */ = {isa = PBXFileReference; lastKnownFileType = sourcecode.swift; path = RMSettingsViewController.swift; sourceTree = "<group>"; };
/* End PBXFileReference section */

/* Begin PBXFrameworksBuildPhase section */
		3ABC9EEB2C901CB700A63A3B /* Frameworks */ = {
			isa = PBXFrameworksBuildPhase;
			buildActionMask = 2147483647;
			files = (
			);
			runOnlyForDeploymentPostprocessing = 0;
		};
/* End PBXFrameworksBuildPhase section */

/* Begin PBXGroup section */
		3A701B392C918D3700535876 /* DataTypes */ = {
			isa = PBXGroup;
			children = (
				3ABC9F0C2C9029F000A63A3B /* RMLocation.swift */,
				3ABC9F0E2C902A0000A63A3B /* RMCharacter.swift */,
				3ABC9F102C902A1900A63A3B /* RMEpisode.swift */,
				3A701B2D2C90B95500535876 /* RMOrigin.swift */,
				3A701B2F2C90BA2700535876 /* RMSingleLocation.swift */,
				3A701B352C90BB9D00535876 /* RMCharacterStatus.swift */,
				3A701B372C90BBD600535876 /* RMCharacterGender.swift */,
			);
			path = DataTypes;
			sourceTree = "<group>";
		};
		3A701B3A2C918D5700535876 /* APIResponseTypes */ = {
			isa = PBXGroup;
			children = (
				3A701B3B2C918D7F00535876 /* RMGetAllCharactersResponse.swift */,
			);
			path = APIResponseTypes;
			sourceTree = "<group>";
		};
		3ABC9EE52C901CB700A63A3B = {
			isa = PBXGroup;
			children = (
				3ABC9EF02C901CB700A63A3B /* RickAndMorty */,
				3ABC9EEF2C901CB700A63A3B /* Products */,
			);
			sourceTree = "<group>";
		};
		3ABC9EEF2C901CB700A63A3B /* Products */ = {
			isa = PBXGroup;
			children = (
				3ABC9EEE2C901CB700A63A3B /* RickAndMorty.app */,
			);
			name = Products;
			sourceTree = "<group>";
		};
		3ABC9EF02C901CB700A63A3B /* RickAndMorty */ = {
			isa = PBXGroup;
			children = (
				3ABC9F0B2C90287500A63A3B /* Resources */,
				3ABC9F0A2C90286D00A63A3B /* Managers */,
				3ABC9F092C90285D00A63A3B /* APIClient */,
				3ABC9F082C90284900A63A3B /* ViewModels */,
				3ABC9F072C90284200A63A3B /* Views */,
				3ABC9F062C90283800A63A3B /* Models */,
				3ABC9F052C90282B00A63A3B /* Controllers */,
				3ABC9EFF2C901CB800A63A3B /* Info.plist */,
			);
			path = RickAndMorty;
			sourceTree = "<group>";
		};
		3ABC9F052C90282B00A63A3B /* Controllers */ = {
			isa = PBXGroup;
			children = (
				3ABC9F122C902A9700A63A3B /* Core */,
			);
			path = Controllers;
			sourceTree = "<group>";
		};
		3ABC9F062C90283800A63A3B /* Models */ = {
			isa = PBXGroup;
			children = (
				3A701B3A2C918D5700535876 /* APIResponseTypes */,
				3A701B392C918D3700535876 /* DataTypes */,
			);
			path = Models;
			sourceTree = "<group>";
		};
		3ABC9F072C90284200A63A3B /* Views */ = {
			isa = PBXGroup;
			children = (
				3A701B3F2C91B12C00535876 /* RMCharacterListView.swift */,
				3A6A9DF42C92BE9100092CFC /* RMCharacterCollectionViewCell.swift */,
			);
			path = Views;
			sourceTree = "<group>";
		};
		3ABC9F082C90284900A63A3B /* ViewModels */ = {
			isa = PBXGroup;
			children = (
				3A701B3D2C91B05300535876 /* RMCharacterListViewViewModel.swift */,
				3A6A9DF62C92C0DD00092CFC /* RMCharacterCollectionViewCellViewModel.swift */,
			);
			path = ViewModels;
			sourceTree = "<group>";
		};
		3ABC9F092C90285D00A63A3B /* APIClient */ = {
			isa = PBXGroup;
			children = (
				3A701B272C90A8F700535876 /* RMService.swift */,
				3A701B292C90A91200535876 /* RMRequest.swift */,
				3A701B2B2C90AA4200535876 /* RMEndpoint.swift */,
			);
			path = APIClient;
			sourceTree = "<group>";
		};
		3ABC9F0A2C90286D00A63A3B /* Managers */ = {
			isa = PBXGroup;
			children = (
			);
			path = Managers;
			sourceTree = "<group>";
		};
		3ABC9F0B2C90287500A63A3B /* Resources */ = {
			isa = PBXGroup;
			children = (
				3ABC9EFA2C901CB800A63A3B /* Assets.xcassets */,
				3ABC9EFC2C901CB800A63A3B /* LaunchScreen.storyboard */,
				3ABC9EF12C901CB700A63A3B /* AppDelegate.swift */,
				3ABC9EF32C901CB700A63A3B /* SceneDelegate.swift */,
				3A701B412C91BB0300535876 /* Extensions.swift */,
			);
			path = Resources;
			sourceTree = "<group>";
		};
		3ABC9F122C902A9700A63A3B /* Core */ = {
			isa = PBXGroup;
			children = (
				3ABC9EF52C901CB700A63A3B /* RMTabBarController.swift */,
				3ABC9F132C902AF000A63A3B /* RMCharacterViewController.swift */,
				3ABC9F152C902B0800A63A3B /* RMLocationViewController.swift */,
				3ABC9F172C902B1900A63A3B /* RMEpisodeViewController.swift */,
				3ABC9F192C902B4800A63A3B /* RMSettingsViewController.swift */,
			);
			path = Core;
			sourceTree = "<group>";
		};
/* End PBXGroup section */

/* Begin PBXNativeTarget section */
		3ABC9EED2C901CB700A63A3B /* RickAndMorty */ = {
			isa = PBXNativeTarget;
			buildConfigurationList = 3ABC9F022C901CB800A63A3B /* Build configuration list for PBXNativeTarget "RickAndMorty" */;
			buildPhases = (
				3ABC9EEA2C901CB700A63A3B /* Sources */,
				3ABC9EEB2C901CB700A63A3B /* Frameworks */,
				3ABC9EEC2C901CB700A63A3B /* Resources */,
			);
			buildRules = (
			);
			dependencies = (
			);
			name = RickAndMorty;
			productName = RickAndMorty;
			productReference = 3ABC9EEE2C901CB700A63A3B /* RickAndMorty.app */;
			productType = "com.apple.product-type.application";
		};
/* End PBXNativeTarget section */

/* Begin PBXProject section */
		3ABC9EE62C901CB700A63A3B /* Project object */ = {
			isa = PBXProject;
			attributes = {
				BuildIndependentTargetsInParallel = 1;
				LastSwiftUpdateCheck = 1540;
				LastUpgradeCheck = 1540;
				TargetAttributes = {
					3ABC9EED2C901CB700A63A3B = {
						CreatedOnToolsVersion = 15.4;
					};
				};
			};
			buildConfigurationList = 3ABC9EE92C901CB700A63A3B /* Build configuration list for PBXProject "RickAndMorty" */;
			compatibilityVersion = "Xcode 14.0";
			developmentRegion = en;
			hasScannedForEncodings = 0;
			knownRegions = (
				en,
				Base,
			);
			mainGroup = 3ABC9EE52C901CB700A63A3B;
			productRefGroup = 3ABC9EEF2C901CB700A63A3B /* Products */;
			projectDirPath = "";
			projectRoot = "";
			targets = (
				3ABC9EED2C901CB700A63A3B /* RickAndMorty */,
			);
		};
/* End PBXProject section */

/* Begin PBXResourcesBuildPhase section */
		3ABC9EEC2C901CB700A63A3B /* Resources */ = {
			isa = PBXResourcesBuildPhase;
			buildActionMask = 2147483647;
			files = (
				3ABC9EFB2C901CB800A63A3B /* Assets.xcassets in Resources */,
				3ABC9EFE2C901CB800A63A3B /* Base in Resources */,
			);
			runOnlyForDeploymentPostprocessing = 0;
		};
/* End PBXResourcesBuildPhase section */

/* Begin PBXSourcesBuildPhase section */
		3ABC9EEA2C901CB700A63A3B /* Sources */ = {
			isa = PBXSourcesBuildPhase;
			buildActionMask = 2147483647;
			files = (
				3A701B2E2C90B95500535876 /* RMOrigin.swift in Sources */,
				3A701B302C90BA2700535876 /* RMSingleLocation.swift in Sources */,
				3A701B402C91B12C00535876 /* RMCharacterListView.swift in Sources */,
				3A701B362C90BB9D00535876 /* RMCharacterStatus.swift in Sources */,
				3A701B382C90BBD600535876 /* RMCharacterGender.swift in Sources */,
				3ABC9F162C902B0800A63A3B /* RMLocationViewController.swift in Sources */,
				3ABC9F112C902A1900A63A3B /* RMEpisode.swift in Sources */,
				3ABC9EF62C901CB700A63A3B /* RMTabBarController.swift in Sources */,
				3ABC9F182C902B1900A63A3B /* RMEpisodeViewController.swift in Sources */,
				3A6A9DF52C92BE9200092CFC /* RMCharacterCollectionViewCell.swift in Sources */,
				3ABC9EF22C901CB700A63A3B /* AppDelegate.swift in Sources */,
				3ABC9EF42C901CB700A63A3B /* SceneDelegate.swift in Sources */,
				3ABC9F1A2C902B4800A63A3B /* RMSettingsViewController.swift in Sources */,
				3A701B282C90A8F700535876 /* RMService.swift in Sources */,
				3A701B422C91BB0300535876 /* Extensions.swift in Sources */,
				3ABC9F0D2C9029F000A63A3B /* RMLocation.swift in Sources */,
				3A701B2C2C90AA4200535876 /* RMEndpoint.swift in Sources */,
				3ABC9F0F2C902A0000A63A3B /* RMCharacter.swift in Sources */,
				3A701B2A2C90A91200535876 /* RMRequest.swift in Sources */,
				3A6A9DF72C92C0DD00092CFC /* RMCharacterCollectionViewCellViewModel.swift in Sources */,
				3ABC9F142C902AF000A63A3B /* RMCharacterViewController.swift in Sources */,
				3A701B3E2C91B05300535876 /* RMCharacterListViewViewModel.swift in Sources */,
				3A701B3C2C918D7F00535876 /* RMGetAllCharactersResponse.swift in Sources */,
			);
			runOnlyForDeploymentPostprocessing = 0;
		};
/* End PBXSourcesBuildPhase section */

/* Begin PBXVariantGroup section */
		3ABC9EFC2C901CB800A63A3B /* LaunchScreen.storyboard */ = {
			isa = PBXVariantGroup;
			children = (
				3ABC9EFD2C901CB800A63A3B /* Base */,
			);
			name = LaunchScreen.storyboard;
			sourceTree = "<group>";
		};
/* End PBXVariantGroup section */

/* Begin XCBuildConfiguration section */
		3ABC9F002C901CB800A63A3B /* Debug */ = {
			isa = XCBuildConfiguration;
			buildSettings = {
				ALWAYS_SEARCH_USER_PATHS = NO;
				ASSETCATALOG_COMPILER_GENERATE_SWIFT_ASSET_SYMBOL_EXTENSIONS = YES;
				CLANG_ANALYZER_NONNULL = YES;
				CLANG_ANALYZER_NUMBER_OBJECT_CONVERSION = YES_AGGRESSIVE;
				CLANG_CXX_LANGUAGE_STANDARD = "gnu++20";
				CLANG_ENABLE_MODULES = YES;
				CLANG_ENABLE_OBJC_ARC = YES;
				CLANG_ENABLE_OBJC_WEAK = YES;
				CLANG_WARN_BLOCK_CAPTURE_AUTORELEASING = YES;
				CLANG_WARN_BOOL_CONVERSION = YES;
				CLANG_WARN_COMMA = YES;
				CLANG_WARN_CONSTANT_CONVERSION = YES;
				CLANG_WARN_DEPRECATED_OBJC_IMPLEMENTATIONS = YES;
				CLANG_WARN_DIRECT_OBJC_ISA_USAGE = YES_ERROR;
				CLANG_WARN_DOCUMENTATION_COMMENTS = YES;
				CLANG_WARN_EMPTY_BODY = YES;
				CLANG_WARN_ENUM_CONVERSION = YES;
				CLANG_WARN_INFINITE_RECURSION = YES;
				CLANG_WARN_INT_CONVERSION = YES;
				CLANG_WARN_NON_LITERAL_NULL_CONVERSION = YES;
				CLANG_WARN_OBJC_IMPLICIT_RETAIN_SELF = YES;
				CLANG_WARN_OBJC_LITERAL_CONVERSION = YES;
				CLANG_WARN_OBJC_ROOT_CLASS = YES_ERROR;
				CLANG_WARN_QUOTED_INCLUDE_IN_FRAMEWORK_HEADER = YES;
				CLANG_WARN_RANGE_LOOP_ANALYSIS = YES;
				CLANG_WARN_STRICT_PROTOTYPES = YES;
				CLANG_WARN_SUSPICIOUS_MOVE = YES;
				CLANG_WARN_UNGUARDED_AVAILABILITY = YES_AGGRESSIVE;
				CLANG_WARN_UNREACHABLE_CODE = YES;
				CLANG_WARN__DUPLICATE_METHOD_MATCH = YES;
				COPY_PHASE_STRIP = NO;
				DEBUG_INFORMATION_FORMAT = dwarf;
				ENABLE_STRICT_OBJC_MSGSEND = YES;
				ENABLE_TESTABILITY = YES;
				ENABLE_USER_SCRIPT_SANDBOXING = YES;
				GCC_C_LANGUAGE_STANDARD = gnu17;
				GCC_DYNAMIC_NO_PIC = NO;
				GCC_NO_COMMON_BLOCKS = YES;
				GCC_OPTIMIZATION_LEVEL = 0;
				GCC_PREPROCESSOR_DEFINITIONS = (
					"DEBUG=1",
					"$(inherited)",
				);
				GCC_WARN_64_TO_32_BIT_CONVERSION = YES;
				GCC_WARN_ABOUT_RETURN_TYPE = YES_ERROR;
				GCC_WARN_UNDECLARED_SELECTOR = YES;
				GCC_WARN_UNINITIALIZED_AUTOS = YES_AGGRESSIVE;
				GCC_WARN_UNUSED_FUNCTION = YES;
				GCC_WARN_UNUSED_VARIABLE = YES;
				IPHONEOS_DEPLOYMENT_TARGET = 17.5;
				LOCALIZATION_PREFERS_STRING_CATALOGS = YES;
				MTL_ENABLE_DEBUG_INFO = INCLUDE_SOURCE;
				MTL_FAST_MATH = YES;
				ONLY_ACTIVE_ARCH = YES;
				SDKROOT = iphoneos;
				SWIFT_ACTIVE_COMPILATION_CONDITIONS = "DEBUG $(inherited)";
				SWIFT_OPTIMIZATION_LEVEL = "-Onone";
			};
			name = Debug;
		};
		3ABC9F012C901CB800A63A3B /* Release */ = {
			isa = XCBuildConfiguration;
			buildSettings = {
				ALWAYS_SEARCH_USER_PATHS = NO;
				ASSETCATALOG_COMPILER_GENERATE_SWIFT_ASSET_SYMBOL_EXTENSIONS = YES;
				CLANG_ANALYZER_NONNULL = YES;
				CLANG_ANALYZER_NUMBER_OBJECT_CONVERSION = YES_AGGRESSIVE;
				CLANG_CXX_LANGUAGE_STANDARD = "gnu++20";
				CLANG_ENABLE_MODULES = YES;
				CLANG_ENABLE_OBJC_ARC = YES;
				CLANG_ENABLE_OBJC_WEAK = YES;
				CLANG_WARN_BLOCK_CAPTURE_AUTORELEASING = YES;
				CLANG_WARN_BOOL_CONVERSION = YES;
				CLANG_WARN_COMMA = YES;
				CLANG_WARN_CONSTANT_CONVERSION = YES;
				CLANG_WARN_DEPRECATED_OBJC_IMPLEMENTATIONS = YES;
				CLANG_WARN_DIRECT_OBJC_ISA_USAGE = YES_ERROR;
				CLANG_WARN_DOCUMENTATION_COMMENTS = YES;
				CLANG_WARN_EMPTY_BODY = YES;
				CLANG_WARN_ENUM_CONVERSION = YES;
				CLANG_WARN_INFINITE_RECURSION = YES;
				CLANG_WARN_INT_CONVERSION = YES;
				CLANG_WARN_NON_LITERAL_NULL_CONVERSION = YES;
				CLANG_WARN_OBJC_IMPLICIT_RETAIN_SELF = YES;
				CLANG_WARN_OBJC_LITERAL_CONVERSION = YES;
				CLANG_WARN_OBJC_ROOT_CLASS = YES_ERROR;
				CLANG_WARN_QUOTED_INCLUDE_IN_FRAMEWORK_HEADER = YES;
				CLANG_WARN_RANGE_LOOP_ANALYSIS = YES;
				CLANG_WARN_STRICT_PROTOTYPES = YES;
				CLANG_WARN_SUSPICIOUS_MOVE = YES;
				CLANG_WARN_UNGUARDED_AVAILABILITY = YES_AGGRESSIVE;
				CLANG_WARN_UNREACHABLE_CODE = YES;
				CLANG_WARN__DUPLICATE_METHOD_MATCH = YES;
				COPY_PHASE_STRIP = NO;
				DEBUG_INFORMATION_FORMAT = "dwarf-with-dsym";
				ENABLE_NS_ASSERTIONS = NO;
				ENABLE_STRICT_OBJC_MSGSEND = YES;
				ENABLE_USER_SCRIPT_SANDBOXING = YES;
				GCC_C_LANGUAGE_STANDARD = gnu17;
				GCC_NO_COMMON_BLOCKS = YES;
				GCC_WARN_64_TO_32_BIT_CONVERSION = YES;
				GCC_WARN_ABOUT_RETURN_TYPE = YES_ERROR;
				GCC_WARN_UNDECLARED_SELECTOR = YES;
				GCC_WARN_UNINITIALIZED_AUTOS = YES_AGGRESSIVE;
				GCC_WARN_UNUSED_FUNCTION = YES;
				GCC_WARN_UNUSED_VARIABLE = YES;
				IPHONEOS_DEPLOYMENT_TARGET = 17.5;
				LOCALIZATION_PREFERS_STRING_CATALOGS = YES;
				MTL_ENABLE_DEBUG_INFO = NO;
				MTL_FAST_MATH = YES;
				SDKROOT = iphoneos;
				SWIFT_COMPILATION_MODE = wholemodule;
				VALIDATE_PRODUCT = YES;
			};
			name = Release;
		};
		3ABC9F032C901CB800A63A3B /* Debug */ = {
			isa = XCBuildConfiguration;
			buildSettings = {
				ASSETCATALOG_COMPILER_APPICON_NAME = AppIcon;
				ASSETCATALOG_COMPILER_GLOBAL_ACCENT_COLOR_NAME = AccentColor;
				CODE_SIGN_STYLE = Automatic;
				CURRENT_PROJECT_VERSION = 1;
				DEVELOPMENT_TEAM = 4X8XUY7347;
				GENERATE_INFOPLIST_FILE = YES;
				INFOPLIST_FILE = RickAndMorty/Info.plist;
				INFOPLIST_KEY_UIApplicationSupportsIndirectInputEvents = YES;
				INFOPLIST_KEY_UILaunchStoryboardName = LaunchScreen;
				INFOPLIST_KEY_UISupportedInterfaceOrientations_iPad = "UIInterfaceOrientationPortrait UIInterfaceOrientationPortraitUpsideDown UIInterfaceOrientationLandscapeLeft UIInterfaceOrientationLandscapeRight";
				INFOPLIST_KEY_UISupportedInterfaceOrientations_iPhone = "UIInterfaceOrientationPortrait UIInterfaceOrientationLandscapeLeft UIInterfaceOrientationLandscapeRight";
				LD_RUNPATH_SEARCH_PATHS = (
					"$(inherited)",
					"@executable_path/Frameworks",
				);
				MARKETING_VERSION = 1.0;
				PRODUCT_BUNDLE_IDENTIFIER = io.mantie.RickAndMorty;
				PRODUCT_NAME = "$(TARGET_NAME)";
				SWIFT_EMIT_LOC_STRINGS = YES;
				SWIFT_VERSION = 5.0;
				TARGETED_DEVICE_FAMILY = "1,2";
			};
			name = Debug;
		};
		3ABC9F042C901CB800A63A3B /* Release */ = {
			isa = XCBuildConfiguration;
			buildSettings = {
				ASSETCATALOG_COMPILER_APPICON_NAME = AppIcon;
				ASSETCATALOG_COMPILER_GLOBAL_ACCENT_COLOR_NAME = AccentColor;
				CODE_SIGN_STYLE = Automatic;
				CURRENT_PROJECT_VERSION = 1;
				DEVELOPMENT_TEAM = 4X8XUY7347;
				GENERATE_INFOPLIST_FILE = YES;
				INFOPLIST_FILE = RickAndMorty/Info.plist;
				INFOPLIST_KEY_UIApplicationSupportsIndirectInputEvents = YES;
				INFOPLIST_KEY_UILaunchStoryboardName = LaunchScreen;
				INFOPLIST_KEY_UISupportedInterfaceOrientations_iPad = "UIInterfaceOrientationPortrait UIInterfaceOrientationPortraitUpsideDown UIInterfaceOrientationLandscapeLeft UIInterfaceOrientationLandscapeRight";
				INFOPLIST_KEY_UISupportedInterfaceOrientations_iPhone = "UIInterfaceOrientationPortrait UIInterfaceOrientationLandscapeLeft UIInterfaceOrientationLandscapeRight";
				LD_RUNPATH_SEARCH_PATHS = (
					"$(inherited)",
					"@executable_path/Frameworks",
				);
				MARKETING_VERSION = 1.0;
				PRODUCT_BUNDLE_IDENTIFIER = io.mantie.RickAndMorty;
				PRODUCT_NAME = "$(TARGET_NAME)";
				SWIFT_EMIT_LOC_STRINGS = YES;
				SWIFT_VERSION = 5.0;
				TARGETED_DEVICE_FAMILY = "1,2";
			};
			name = Release;
		};
/* End XCBuildConfiguration section */

/* Begin XCConfigurationList section */
		3ABC9EE92C901CB700A63A3B /* Build configuration list for PBXProject "RickAndMorty" */ = {
			isa = XCConfigurationList;
			buildConfigurations = (
				3ABC9F002C901CB800A63A3B /* Debug */,
				3ABC9F012C901CB800A63A3B /* Release */,
			);
			defaultConfigurationIsVisible = 0;
			defaultConfigurationName = Release;
		};
		3ABC9F022C901CB800A63A3B /* Build configuration list for PBXNativeTarget "RickAndMorty" */ = {
			isa = XCConfigurationList;
			buildConfigurations = (
				3ABC9F032C901CB800A63A3B /* Debug */,
				3ABC9F042C901CB800A63A3B /* Release */,
			);
			defaultConfigurationIsVisible = 0;
			defaultConfigurationName = Release;
		};
/* End XCConfigurationList section */
	};
	rootObject = 3ABC9EE62C901CB700A63A3B /* Project object */;
}
